// !$*UTF8*$!
{
	archiveVersion = 1;
	classes = {
	};
	objectVersion = 77;
	objects = {

/* Begin PBXBuildFile section */
		22D6548A77CEE07B6E3E81B5 /* libPods-TrailGuard.a in Frameworks */ = {isa = PBXBuildFile; fileRef = DCE8BD68E66FD5C74A94D1B9 /* libPods-TrailGuard.a */; };
		2550D606482B83BE6A8D410A /* SatelliteService.swift in Sources */ = {isa = PBXBuildFile; fileRef = 8614AFEFD314A88FBADE9C75 /* SatelliteService.swift */; };
		53EBD5545BB1F75143B3BED3 /* SatelliteServiceBridge.m in Sources */ = {isa = PBXBuildFile; fileRef = 0752EEC93A8E441F7B9BC370 /* SatelliteServiceBridge.m */; };
		8640923711A74D99D3E2F3AE /* main.m in Sources */ = {isa = PBXBuildFile; fileRef = 75A4AD062194257C96122A1C /* main.m */; };
		94AC050E3C909A1B19F4F72D /* Images.xcassets in Resources */ = {isa = PBXBuildFile; fileRef = FB10E17C68AE32CDB61B6352 /* Images.xcassets */; };
		9548E6BCBC9275922809048B /* LaunchScreen.storyboard in Resources */ = {isa = PBXBuildFile; fileRef = 5A34FF1239887214682E2807 /* LaunchScreen.storyboard */; };
		B3C4D5E6F7A8901234567801 /* PrivacyInfo.xcprivacy in Resources */ = {isa = PBXBuildFile; fileRef = B3C4D5E6F7A8901234567802 /* PrivacyInfo.xcprivacy */; };
		A1B2C3D4E5F6789012345601 /* MeshNetworkManager.swift in Sources */ = {isa = PBXBuildFile; fileRef = A1B2C3D4E5F6789012345602 /* MeshNetworkManager.swift */; };
		A1B2C3D4E5F6789012345603 /* MeshNetworkBridge.m in Sources */ = {isa = PBXBuildFile; fileRef = A1B2C3D4E5F6789012345604 /* MeshNetworkBridge.m */; };
		BBFEAE25FAB28CC1B4696A77 /* AppDelegate.mm in Sources */ = {isa = PBXBuildFile; fileRef = EE1F602AE5B8E5BF08193914 /* AppDelegate.mm */; };
		DE4D5400000000000000AA01 /* DeadMansSwitchManager.swift in Sources */ = {isa = PBXBuildFile; fileRef = DE4D5400000000000000AA02 /* DeadMansSwitchManager.swift */; };
		DE4D5400000000000000AA03 /* DeadMansSwitchBridge.m in Sources */ = {isa = PBXBuildFile; fileRef = DE4D5400000000000000AA04 /* DeadMansSwitchBridge.m */; };
/* End PBXBuildFile section */

/* Begin PBXFileReference section */
		0752EEC93A8E441F7B9BC370 /* SatelliteServiceBridge.m */ = {isa = PBXFileReference; lastKnownFileType = sourcecode.c.objc; path = SatelliteServiceBridge.m; sourceTree = "<group>"; };
		26C7DA2EB2EC7A11EAC1D006 /* Info.plist */ = {isa = PBXFileReference; lastKnownFileType = text.plist; path = Info.plist; sourceTree = "<group>"; };
		5A34FF1239887214682E2807 /* LaunchScreen.storyboard */ = {isa = PBXFileReference; lastKnownFileType = file.storyboard; path = LaunchScreen.storyboard; sourceTree = "<group>"; };
		6F4A6020E591321A2CD6F045 /* TrailGuard-Bridging-Header.h */ = {isa = PBXFileReference; lastKnownFileType = sourcecode.c.h; path = "TrailGuard-Bridging-Header.h"; sourceTree = "<group>"; };
		75A4AD062194257C96122A1C /* main.m */ = {isa = PBXFileReference; lastKnownFileType = sourcecode.c.objc; path = main.m; sourceTree = "<group>"; };
		8614AFEFD314A88FBADE9C75 /* SatelliteService.swift */ = {isa = PBXFileReference; lastKnownFileType = sourcecode.swift; path = SatelliteService.swift; sourceTree = "<group>"; };
		A1B2C3D4E5F6789012345602 /* MeshNetworkManager.swift */ = {isa = PBXFileReference; lastKnownFileType = sourcecode.swift; path = MeshNetworkManager.swift; sourceTree = "<group>"; };
		A1B2C3D4E5F6789012345604 /* MeshNetworkBridge.m */ = {isa = PBXFileReference; lastKnownFileType = sourcecode.c.objc; path = MeshNetworkBridge.m; sourceTree = "<group>"; };
		A3B44446E15CFEE72360BEFB /* TrailGuard.app */ = {isa = PBXFileReference; includeInIndex = 0; lastKnownFileType = wrapper.application; path = TrailGuard.app; sourceTree = BUILT_PRODUCTS_DIR; };
		D3F12DB602DE9E50DFAA61B4 /* AppDelegate.h */ = {isa = PBXFileReference; lastKnownFileType = sourcecode.c.h; path = AppDelegate.h; sourceTree = "<group>"; };
		DCE8BD68E66FD5C74A94D1B9 /* libPods-TrailGuard.a */ = {isa = PBXFileReference; explicitFileType = archive.ar; includeInIndex = 0; path = "libPods-TrailGuard.a"; sourceTree = BUILT_PRODUCTS_DIR; };
		DE4D5400000000000000AA02 /* DeadMansSwitchManager.swift */ = {isa = PBXFileReference; lastKnownFileType = sourcecode.swift; path = DeadMansSwitchManager.swift; sourceTree = "<group>"; };
		DE4D5400000000000000AA04 /* DeadMansSwitchBridge.m */ = {isa = PBXFileReference; lastKnownFileType = sourcecode.c.objc; path = DeadMansSwitchBridge.m; sourceTree = "<group>"; };
		EE1F602AE5B8E5BF08193914 /* AppDelegate.mm */ = {isa = PBXFileReference; lastKnownFileType = sourcecode.cpp.objcpp; path = AppDelegate.mm; sourceTree = "<group>"; };
		EEEF9121F8D4F65FBF147726 /* Pods-TrailGuard.release.xcconfig */ = {isa = PBXFileReference; includeInIndex = 1; lastKnownFileType = text.xcconfig; name = "Pods-TrailGuard.release.xcconfig"; path = "Target Support Files/Pods-TrailGuard/Pods-TrailGuard.release.xcconfig"; sourceTree = "<group>"; };
		F87A4C9935CAD3395A19C91B /* Pods-TrailGuard.debug.xcconfig */ = {isa = PBXFileReference; includeInIndex = 1; lastKnownFileType = text.xcconfig; name = "Pods-TrailGuard.debug.xcconfig"; path = "Target Support Files/Pods-TrailGuard/Pods-TrailGuard.debug.xcconfig"; sourceTree = "<group>"; };
		B3C4D5E6F7A8901234567802 /* PrivacyInfo.xcprivacy */ = {isa = PBXFileReference; lastKnownFileType = text.plist.xml; path = PrivacyInfo.xcprivacy; sourceTree = "<group>"; };
		FB10E17C68AE32CDB61B6352 /* Images.xcassets */ = {isa = PBXFileReference; lastKnownFileType = folder.assetcatalog; path = Images.xcassets; sourceTree = "<group>"; };
/* End PBXFileReference section */

/* Begin PBXFrameworksBuildPhase section */
		B9F240E1853EE7421266BD93 /* Frameworks */ = {
			isa = PBXFrameworksBuildPhase;
			buildActionMask = 2147483647;
			files = (
				22D6548A77CEE07B6E3E81B5 /* libPods-TrailGuard.a in Frameworks */,
			);
			runOnlyForDeploymentPostprocessing = 0;
		};
/* End PBXFrameworksBuildPhase section */

/* Begin PBXGroup section */
		06CD1F211B8C3F56BD7F8B19 /* Pods */ = {
			isa = PBXGroup;
			children = (
				F87A4C9935CAD3395A19C91B /* Pods-TrailGuard.debug.xcconfig */,
				EEEF9121F8D4F65FBF147726 /* Pods-TrailGuard.release.xcconfig */,
			);
			name = Pods;
			path = Pods;
			sourceTree = "<group>";
		};
		1642386056C5AF5A7068BE5E /* TrailGuard */ = {
			isa = PBXGroup;
			children = (
				D3F12DB602DE9E50DFAA61B4 /* AppDelegate.h */,
				EE1F602AE5B8E5BF08193914 /* AppDelegate.mm */,
				FB10E17C68AE32CDB61B6352 /* Images.xcassets */,
				26C7DA2EB2EC7A11EAC1D006 /* Info.plist */,
				5A34FF1239887214682E2807 /* LaunchScreen.storyboard */,
				75A4AD062194257C96122A1C /* main.m */,
				8614AFEFD314A88FBADE9C75 /* SatelliteService.swift */,
				0752EEC93A8E441F7B9BC370 /* SatelliteServiceBridge.m */,
				A1B2C3D4E5F6789012345602 /* MeshNetworkManager.swift */,
				A1B2C3D4E5F6789012345604 /* MeshNetworkBridge.m */,
				DE4D5400000000000000AA02 /* DeadMansSwitchManager.swift */,
				DE4D5400000000000000AA04 /* DeadMansSwitchBridge.m */,
				6F4A6020E591321A2CD6F045 /* TrailGuard-Bridging-Header.h */,
				B3C4D5E6F7A8901234567802 /* PrivacyInfo.xcprivacy */,
			);
			path = TrailGuard;
			sourceTree = "<group>";
		};
		4E2E2F8A0AA2E7D1255F8D77 /* Products */ = {
			isa = PBXGroup;
			children = (
				A3B44446E15CFEE72360BEFB /* TrailGuard.app */,
			);
			name = Products;
			sourceTree = "<group>";
		};
		4F41A0DE7E488FBD84555B50 = {
			isa = PBXGroup;
			children = (
				1642386056C5AF5A7068BE5E /* TrailGuard */,
				4E2E2F8A0AA2E7D1255F8D77 /* Products */,
				06CD1F211B8C3F56BD7F8B19 /* Pods */,
				85D621B743CB67CE62698E31 /* Frameworks */,
			);
			sourceTree = "<group>";
		};
		85D621B743CB67CE62698E31 /* Frameworks */ = {
			isa = PBXGroup;
			children = (
				DCE8BD68E66FD5C74A94D1B9 /* libPods-TrailGuard.a */,
			);
			name = Frameworks;
			sourceTree = "<group>";
		};
/* End PBXGroup section */

/* Begin PBXNativeTarget section */
		204AA3DCE358B4F4C76B381D /* TrailGuard */ = {
			isa = PBXNativeTarget;
			buildConfigurationList = 8AF00BAB91456A0020B74BAD /* Build configuration list for PBXNativeTarget "TrailGuard" */;
			buildPhases = (
				6D4CA1B9C38D5ACC18EAB703 /* [CP] Check Pods Manifest.lock */,
				59DBA32F0B3CF5EE6C3CB730 /* Sources */,
				94E57C118480F7ECDA380506 /* Resources */,
				B9F240E1853EE7421266BD93 /* Frameworks */,
				19F4909E8C1982795B0D41C2 /* [CP] Embed Pods Frameworks */,
				AC444A5A9C6D4F326A70D5AB /* [CP] Copy Pods Resources */,
			);
			buildRules = (
			);
			dependencies = (
			);
			name = TrailGuard;
			productName = TrailGuard;
			productReference = A3B44446E15CFEE72360BEFB /* TrailGuard.app */;
			productType = "com.apple.product-type.application";
		};
/* End PBXNativeTarget section */

/* Begin PBXProject section */
		16899B174D86240DD1B75FA3 /* Project object */ = {
			isa = PBXProject;
			attributes = {
				BuildIndependentTargetsInParallel = YES;
				LastUpgradeCheck = 1600;
				TargetAttributes = {
					204AA3DCE358B4F4C76B381D = {
						DevelopmentTeam = F945V6582K;
					};
				};
			};
			buildConfigurationList = 12C6C7176FDE174ED5DA873C /* Build configuration list for PBXProject "TrailGuard" */;
			compatibilityVersion = "Xcode 14.0";
			developmentRegion = en;
			hasScannedForEncodings = 0;
			knownRegions = (
				Base,
				en,
			);
			mainGroup = 4F41A0DE7E488FBD84555B50;
			minimizedProjectReferenceProxies = 1;
			preferredProjectObjectVersion = 77;
			productRefGroup = 4E2E2F8A0AA2E7D1255F8D77 /* Products */;
			projectDirPath = "";
			projectRoot = "";
			targets = (
				204AA3DCE358B4F4C76B381D /* TrailGuard */,
			);
		};
/* End PBXProject section */

/* Begin PBXResourcesBuildPhase section */
		94E57C118480F7ECDA380506 /* Resources */ = {
			isa = PBXResourcesBuildPhase;
			buildActionMask = 2147483647;
			files = (
				94AC050E3C909A1B19F4F72D /* Images.xcassets in Resources */,
				9548E6BCBC9275922809048B /* LaunchScreen.storyboard in Resources */,
				B3C4D5E6F7A8901234567801 /* PrivacyInfo.xcprivacy in Resources */,
			);
			runOnlyForDeploymentPostprocessing = 0;
		};
/* End PBXResourcesBuildPhase section */

/* Begin PBXShellScriptBuildPhase section */
		19F4909E8C1982795B0D41C2 /* [CP] Embed Pods Frameworks */ = {
			isa = PBXShellScriptBuildPhase;
			buildActionMask = 2147483647;
			files = (
			);
			inputFileListPaths = (
				"${PODS_ROOT}/Target Support Files/Pods-TrailGuard/Pods-TrailGuard-frameworks-${CONFIGURATION}-input-files.xcfilelist",
			);
			name = "[CP] Embed Pods Frameworks";
			outputFileListPaths = (
				"${PODS_ROOT}/Target Support Files/Pods-TrailGuard/Pods-TrailGuard-frameworks-${CONFIGURATION}-output-files.xcfilelist",
			);
			runOnlyForDeploymentPostprocessing = 0;
			shellPath = /bin/sh;
			shellScript = "\"${PODS_ROOT}/Target Support Files/Pods-TrailGuard/Pods-TrailGuard-frameworks.sh\"\n";
			showEnvVarsInLog = 0;
		};
		6D4CA1B9C38D5ACC18EAB703 /* [CP] Check Pods Manifest.lock */ = {
			isa = PBXShellScriptBuildPhase;
			buildActionMask = 2147483647;
			files = (
			);
			inputFileListPaths = (
			);
			inputPaths = (
				"${PODS_PODFILE_DIR_PATH}/Podfile.lock",
				"${PODS_ROOT}/Manifest.lock",
			);
			name = "[CP] Check Pods Manifest.lock";
			outputFileListPaths = (
			);
			outputPaths = (
				"$(DERIVED_FILE_DIR)/Pods-TrailGuard-checkManifestLockResult.txt",
			);
			runOnlyForDeploymentPostprocessing = 0;
			shellPath = /bin/sh;
			shellScript = "diff \"${PODS_PODFILE_DIR_PATH}/Podfile.lock\" \"${PODS_ROOT}/Manifest.lock\" > /dev/null\nif [ $? != 0 ] ; then\n    # print error to STDERR\n    echo \"error: The sandbox is not in sync with the Podfile.lock. Run 'pod install' or update your CocoaPods installation.\" >&2\n    exit 1\nfi\n# This output is used by Xcode 'outputs' to avoid re-running this script phase.\necho \"SUCCESS\" > \"${SCRIPT_OUTPUT_FILE_0}\"\n";
			showEnvVarsInLog = 0;
		};
		AC444A5A9C6D4F326A70D5AB /* [CP] Copy Pods Resources */ = {
			isa = PBXShellScriptBuildPhase;
			buildActionMask = 2147483647;
			files = (
			);
			inputFileListPaths = (
				"${PODS_ROOT}/Target Support Files/Pods-TrailGuard/Pods-TrailGuard-resources-${CONFIGURATION}-input-files.xcfilelist",
			);
			name = "[CP] Copy Pods Resources";
			outputFileListPaths = (
				"${PODS_ROOT}/Target Support Files/Pods-TrailGuard/Pods-TrailGuard-resources-${CONFIGURATION}-output-files.xcfilelist",
			);
			runOnlyForDeploymentPostprocessing = 0;
			shellPath = /bin/sh;
			shellScript = "\"${PODS_ROOT}/Target Support Files/Pods-TrailGuard/Pods-TrailGuard-resources.sh\"\n";
			showEnvVarsInLog = 0;
		};
/* End PBXShellScriptBuildPhase section */

/* Begin PBXSourcesBuildPhase section */
		59DBA32F0B3CF5EE6C3CB730 /* Sources */ = {
			isa = PBXSourcesBuildPhase;
			buildActionMask = 2147483647;
			files = (
				BBFEAE25FAB28CC1B4696A77 /* AppDelegate.mm in Sources */,
				2550D606482B83BE6A8D410A /* SatelliteService.swift in Sources */,
				53EBD5545BB1F75143B3BED3 /* SatelliteServiceBridge.m in Sources */,
				A1B2C3D4E5F6789012345601 /* MeshNetworkManager.swift in Sources */,
				A1B2C3D4E5F6789012345603 /* MeshNetworkBridge.m in Sources */,
				DE4D5400000000000000AA01 /* DeadMansSwitchManager.swift in Sources */,
				DE4D5400000000000000AA03 /* DeadMansSwitchBridge.m in Sources */,
				8640923711A74D99D3E2F3AE /* main.m in Sources */,
			);
			runOnlyForDeploymentPostprocessing = 0;
		};
/* End PBXSourcesBuildPhase section */

/* Begin XCBuildConfiguration section */
		09B4B32088A1D0124A17FA3A /* Debug */ = {
			isa = XCBuildConfiguration;
			baseConfigurationReference = F87A4C9935CAD3395A19C91B /* Pods-TrailGuard.debug.xcconfig */;
			buildSettings = {
				ASSETCATALOG_COMPILER_APPICON_NAME = AppIcon;
				CODE_SIGN_IDENTITY = "iPhone Developer";
				INFOPLIST_FILE = TrailGuard/Info.plist;
				LD_RUNPATH_SEARCH_PATHS = (
					"$(inherited)",
					"@executable_path/Frameworks",
				);
				PRODUCT_BUNDLE_IDENTIFIER = com.trailguard.app;
				SDKROOT = iphoneos;
				SWIFT_OBJC_BRIDGING_HEADER = "TrailGuard/TrailGuard-Bridging-Header.h";
				TARGETED_DEVICE_FAMILY = "1,2";
			};
			name = Debug;
		};
		D43D1AFA17DBAFA5984D3904 /* Release */ = {
			isa = XCBuildConfiguration;
			baseConfigurationReference = EEEF9121F8D4F65FBF147726 /* Pods-TrailGuard.release.xcconfig */;
			buildSettings = {
				ASSETCATALOG_COMPILER_APPICON_NAME = AppIcon;
				CODE_SIGN_IDENTITY = "iPhone Developer";
				INFOPLIST_FILE = TrailGuard/Info.plist;
				LD_RUNPATH_SEARCH_PATHS = (
					"$(inherited)",
					"@executable_path/Frameworks",
				);
				PRODUCT_BUNDLE_IDENTIFIER = com.trailguard.app;
				SDKROOT = iphoneos;
				SWIFT_OBJC_BRIDGING_HEADER = "TrailGuard/TrailGuard-Bridging-Header.h";
				TARGETED_DEVICE_FAMILY = "1,2";
			};
			name = Release;
		};
		F1B78D2D370F6DA18C6A7C35 /* Debug */ = {
			isa = XCBuildConfiguration;
			buildSettings = {
				ALWAYS_SEARCH_USER_PATHS = NO;
				CLANG_ANALYZER_NONNULL = YES;
				CLANG_ANALYZER_NUMBER_OBJECT_CONVERSION = YES_AGGRESSIVE;
				CLANG_CXX_LANGUAGE_STANDARD = "c++20";
				CLANG_CXX_LIBRARY = "libc++";
				CLANG_ENABLE_MODULES = YES;
				CLANG_ENABLE_OBJC_ARC = YES;
				CLANG_ENABLE_OBJC_WEAK = YES;
				CLANG_WARN_BLOCK_CAPTURE_AUTORELEASING = YES;
				CLANG_WARN_BOOL_CONVERSION = YES;
				CLANG_WARN_COMMA = YES;
				CLANG_WARN_CONSTANT_CONVERSION = YES;
				CLANG_WARN_DEPRECATED_OBJC_IMPLEMENTATIONS = YES;
				CLANG_WARN_DIRECT_OBJC_ISA_USAGE = YES_ERROR;
				CLANG_WARN_DOCUMENTATION_COMMENTS = YES;
				CLANG_WARN_EMPTY_BODY = YES;
				CLANG_WARN_ENUM_CONVERSION = YES;
				CLANG_WARN_INFINITE_RECURSION = YES;
				CLANG_WARN_INT_CONVERSION = YES;
				CLANG_WARN_NON_LITERAL_NULL_CONVERSION = YES;
				CLANG_WARN_OBJC_IMPLICIT_RETAIN_SELF = YES;
				CLANG_WARN_OBJC_LITERAL_CONVERSION = YES;
				CLANG_WARN_OBJC_ROOT_CLASS = YES_ERROR;
				CLANG_WARN_QUOTED_INCLUDE_IN_FRAMEWORK_HEADER = YES;
				CLANG_WARN_RANGE_LOOP_ANALYSIS = YES;
				CLANG_WARN_STRICT_PROTOTYPES = YES;
				CLANG_WARN_SUSPICIOUS_MOVE = YES;
				CLANG_WARN_UNGUARDED_AVAILABILITY = YES_AGGRESSIVE;
				CLANG_WARN_UNREACHABLE_CODE = YES;
				CLANG_WARN__DUPLICATE_METHOD_MATCH = YES;
				COPY_PHASE_STRIP = NO;
				CURRENT_PROJECT_VERSION = 1;
				DEBUG_INFORMATION_FORMAT = dwarf;
				DEVELOPMENT_TEAM = F945V6582K;
				ENABLE_STRICT_OBJC_MSGSEND = YES;
				ENABLE_TESTABILITY = YES;
				"EXCLUDED_ARCHS[sdk=iphonesimulator*]" = i386;
				GCC_C_LANGUAGE_STANDARD = gnu11;
				GCC_DYNAMIC_NO_PIC = NO;
				GCC_NO_COMMON_BLOCKS = YES;
				GCC_OPTIMIZATION_LEVEL = 0;
				GCC_PREPROCESSOR_DEFINITIONS = (
					"$(inherited)",
					"DEBUG=1",
				);
				GCC_WARN_64_TO_32_BIT_CONVERSION = YES;
				GCC_WARN_ABOUT_RETURN_TYPE = YES_ERROR;
				GCC_WARN_UNDECLARED_SELECTOR = YES;
				GCC_WARN_UNINITIALIZED_AUTOS = YES_AGGRESSIVE;
				GCC_WARN_UNUSED_FUNCTION = YES;
				GCC_WARN_UNUSED_VARIABLE = YES;
				IPHONEOS_DEPLOYMENT_TARGET = 17.0;
				MARKETING_VERSION = 1.0.0;
				MTL_ENABLE_DEBUG_INFO = INCLUDE_SOURCE;
				MTL_FAST_MATH = YES;
				ONLY_ACTIVE_ARCH = YES;
				OTHER_CFLAGS = "$(inherited)";
				OTHER_CPLUSPLUSFLAGS = "$(inherited)";
				OTHER_LDFLAGS = (
					"$(inherited)",
					" ",
				);
				PRODUCT_NAME = "$(TARGET_NAME)";
				REACT_NATIVE_PATH = "${PODS_ROOT}/../../node_modules/react-native";
				SDKROOT = iphoneos;
				SWIFT_ACTIVE_COMPILATION_CONDITIONS = DEBUG;
				SWIFT_OPTIMIZATION_LEVEL = "-Onone";
				SWIFT_VERSION = 5.0;
				USE_HERMES = true;
			};
			name = Debug;
		};
		F2D06D9F0BAB6B6764B5A3AC /* Release */ = {
			isa = XCBuildConfiguration;
			buildSettings = {
				ALWAYS_SEARCH_USER_PATHS = NO;
				CLANG_ANALYZER_NONNULL = YES;
				CLANG_ANALYZER_NUMBER_OBJECT_CONVERSION = YES_AGGRESSIVE;
				CLANG_CXX_LANGUAGE_STANDARD = "c++20";
				CLANG_CXX_LIBRARY = "libc++";
				CLANG_ENABLE_MODULES = YES;
				CLANG_ENABLE_OBJC_ARC = YES;
				CLANG_ENABLE_OBJC_WEAK = YES;
				CLANG_WARN_BLOCK_CAPTURE_AUTORELEASING = YES;
				CLANG_WARN_BOOL_CONVERSION = YES;
				CLANG_WARN_COMMA = YES;
				CLANG_WARN_CONSTANT_CONVERSION = YES;
				CLANG_WARN_DEPRECATED_OBJC_IMPLEMENTATIONS = YES;
				CLANG_WARN_DIRECT_OBJC_ISA_USAGE = YES_ERROR;
				CLANG_WARN_DOCUMENTATION_COMMENTS = YES;
				CLANG_WARN_EMPTY_BODY = YES;
				CLANG_WARN_ENUM_CONVERSION = YES;
				CLANG_WARN_INFINITE_RECURSION = YES;
				CLANG_WARN_INT_CONVERSION = YES;
				CLANG_WARN_NON_LITERAL_NULL_CONVERSION = YES;
				CLANG_WARN_OBJC_IMPLICIT_RETAIN_SELF = YES;
				CLANG_WARN_OBJC_LITERAL_CONVERSION = YES;
				CLANG_WARN_OBJC_ROOT_CLASS = YES_ERROR;
				CLANG_WARN_QUOTED_INCLUDE_IN_FRAMEWORK_HEADER = YES;
				CLANG_WARN_RANGE_LOOP_ANALYSIS = YES;
				CLANG_WARN_STRICT_PROTOTYPES = YES;
				CLANG_WARN_SUSPICIOUS_MOVE = YES;
				CLANG_WARN_UNGUARDED_AVAILABILITY = YES_AGGRESSIVE;
				CLANG_WARN_UNREACHABLE_CODE = YES;
				CLANG_WARN__DUPLICATE_METHOD_MATCH = YES;
				COPY_PHASE_STRIP = NO;
				CURRENT_PROJECT_VERSION = 1;
				DEBUG_INFORMATION_FORMAT = "dwarf-with-dsym";
				DEVELOPMENT_TEAM = F945V6582K;
				ENABLE_NS_ASSERTIONS = NO;
				ENABLE_STRICT_OBJC_MSGSEND = YES;
				"EXCLUDED_ARCHS[sdk=iphonesimulator*]" = i386;
				GCC_C_LANGUAGE_STANDARD = gnu11;
				GCC_NO_COMMON_BLOCKS = YES;
				GCC_WARN_64_TO_32_BIT_CONVERSION = YES;
				GCC_WARN_ABOUT_RETURN_TYPE = YES_ERROR;
				GCC_WARN_UNDECLARED_SELECTOR = YES;
				GCC_WARN_UNINITIALIZED_AUTOS = YES_AGGRESSIVE;
				GCC_WARN_UNUSED_FUNCTION = YES;
				GCC_WARN_UNUSED_VARIABLE = YES;
				IPHONEOS_DEPLOYMENT_TARGET = 17.0;
				MARKETING_VERSION = 1.0.0;
				MTL_ENABLE_DEBUG_INFO = NO;
				MTL_FAST_MATH = YES;
				OTHER_CFLAGS = "$(inherited)";
				OTHER_CPLUSPLUSFLAGS = "$(inherited)";
				OTHER_LDFLAGS = (
					"$(inherited)",
					" ",
				);
				PRODUCT_NAME = "$(TARGET_NAME)";
				REACT_NATIVE_PATH = "${PODS_ROOT}/../../node_modules/react-native";
				SDKROOT = iphoneos;
				SWIFT_COMPILATION_MODE = wholemodule;
				SWIFT_OPTIMIZATION_LEVEL = "-O";
				SWIFT_VERSION = 5.0;
				USE_HERMES = true;
			};
			name = Release;
		};
/* End XCBuildConfiguration section */

/* Begin XCConfigurationList section */
		12C6C7176FDE174ED5DA873C /* Build configuration list for PBXProject "TrailGuard" */ = {
			isa = XCConfigurationList;
			buildConfigurations = (
				F1B78D2D370F6DA18C6A7C35 /* Debug */,
				F2D06D9F0BAB6B6764B5A3AC /* Release */,
			);
			defaultConfigurationIsVisible = 0;
			defaultConfigurationName = Debug;
		};
		8AF00BAB91456A0020B74BAD /* Build configuration list for PBXNativeTarget "TrailGuard" */ = {
			isa = XCConfigurationList;
			buildConfigurations = (
				09B4B32088A1D0124A17FA3A /* Debug */,
				D43D1AFA17DBAFA5984D3904 /* Release */,
			);
			defaultConfigurationIsVisible = 0;
			defaultConfigurationName = Debug;
		};
/* End XCConfigurationList section */
	};
	rootObject = 16899B174D86240DD1B75FA3 /* Project object */;
}
